// !$*UTF8*$!
{
	archiveVersion = 1;
	classes = {
	};
	objectVersion = 46;
	objects = {

/* Begin PBXBuildFile section */
		353DCA35189D470300D8A6DF /* Foundation.framework in Frameworks */ = {isa = PBXBuildFile; fileRef = 353DCA34189D470300D8A6DF /* Foundation.framework */; };
		353DCA37189D470300D8A6DF /* CoreGraphics.framework in Frameworks */ = {isa = PBXBuildFile; fileRef = 353DCA36189D470300D8A6DF /* CoreGraphics.framework */; };
		353DCA39189D470300D8A6DF /* UIKit.framework in Frameworks */ = {isa = PBXBuildFile; fileRef = 353DCA38189D470300D8A6DF /* UIKit.framework */; };
		353DCA3F189D470300D8A6DF /* InfoPlist.strings in Resources */ = {isa = PBXBuildFile; fileRef = 353DCA3D189D470300D8A6DF /* InfoPlist.strings */; };
		353DCA41189D470300D8A6DF /* main.m in Sources */ = {isa = PBXBuildFile; fileRef = 353DCA40189D470300D8A6DF /* main.m */; };
		353DCA45189D470300D8A6DF /* AppDelegate.m in Sources */ = {isa = PBXBuildFile; fileRef = 353DCA44189D470300D8A6DF /* AppDelegate.m */; };
		353DCA47189D470300D8A6DF /* Images.xcassets in Resources */ = {isa = PBXBuildFile; fileRef = 353DCA46189D470300D8A6DF /* Images.xcassets */; };
		353DCA4E189D470300D8A6DF /* XCTest.framework in Frameworks */ = {isa = PBXBuildFile; fileRef = 353DCA4D189D470300D8A6DF /* XCTest.framework */; };
		353DCA4F189D470300D8A6DF /* Foundation.framework in Frameworks */ = {isa = PBXBuildFile; fileRef = 353DCA34189D470300D8A6DF /* Foundation.framework */; };
		353DCA50189D470300D8A6DF /* UIKit.framework in Frameworks */ = {isa = PBXBuildFile; fileRef = 353DCA38189D470300D8A6DF /* UIKit.framework */; };
		353DCA58189D470300D8A6DF /* InfoPlist.strings in Resources */ = {isa = PBXBuildFile; fileRef = 353DCA56189D470300D8A6DF /* InfoPlist.strings */; };
		353DCA5A189D470300D8A6DF /* SoukuTests.m in Sources */ = {isa = PBXBuildFile; fileRef = 353DCA59189D470300D8A6DF /* SoukuTests.m */; };
/* End PBXBuildFile section */

/* Begin PBXContainerItemProxy section */
		353DCA51189D470300D8A6DF /* PBXContainerItemProxy */ = {
			isa = PBXContainerItemProxy;
			containerPortal = 353DCA29189D470300D8A6DF /* Project object */;
			proxyType = 1;
			remoteGlobalIDString = 353DCA30189D470300D8A6DF;
			remoteInfo = Souku;
		};
/* End PBXContainerItemProxy section */

/* Begin PBXFileReference section */
		353DCA31189D470300D8A6DF /* Souku.app */ = {isa = PBXFileReference; explicitFileType = wrapper.application; includeInIndex = 0; path = Souku.app; sourceTree = BUILT_PRODUCTS_DIR; };
		353DCA34189D470300D8A6DF /* Foundation.framework */ = {isa = PBXFileReference; lastKnownFileType = wrapper.framework; name = Foundation.framework; path = System/Library/Frameworks/Foundation.framework; sourceTree = SDKROOT; };
		353DCA36189D470300D8A6DF /* CoreGraphics.framework */ = {isa = PBXFileReference; lastKnownFileType = wrapper.framework; name = CoreGraphics.framework; path = System/Library/Frameworks/CoreGraphics.framework; sourceTree = SDKROOT; };
		353DCA38189D470300D8A6DF /* UIKit.framework */ = {isa = PBXFileReference; lastKnownFileType = wrapper.framework; name = UIKit.framework; path = System/Library/Frameworks/UIKit.framework; sourceTree = SDKROOT; };
		353DCA3C189D470300D8A6DF /* Souku-Info.plist */ = {isa = PBXFileReference; lastKnownFileType = text.plist.xml; path = "Souku-Info.plist"; sourceTree = "<group>"; };
		353DCA3E189D470300D8A6DF /* en */ = {isa = PBXFileReference; lastKnownFileType = text.plist.strings; name = en; path = en.lproj/InfoPlist.strings; sourceTree = "<group>"; };
		353DCA40189D470300D8A6DF /* main.m */ = {isa = PBXFileReference; lastKnownFileType = sourcecode.c.objc; path = main.m; sourceTree = "<group>"; };
		353DCA42189D470300D8A6DF /* Souku-Prefix.pch */ = {isa = PBXFileReference; lastKnownFileType = sourcecode.c.h; path = "Souku-Prefix.pch"; sourceTree = "<group>"; };
		353DCA43189D470300D8A6DF /* AppDelegate.h */ = {isa = PBXFileReference; lastKnownFileType = sourcecode.c.h; path = AppDelegate.h; sourceTree = "<group>"; };
		353DCA44189D470300D8A6DF /* AppDelegate.m */ = {isa = PBXFileReference; lastKnownFileType = sourcecode.c.objc; path = AppDelegate.m; sourceTree = "<group>"; };
		353DCA46189D470300D8A6DF /* Images.xcassets */ = {isa = PBXFileReference; lastKnownFileType = folder.assetcatalog; path = Images.xcassets; sourceTree = "<group>"; };
		353DCA4C189D470300D8A6DF /* SoukuTests.xctest */ = {isa = PBXFileReference; explicitFileType = wrapper.cfbundle; includeInIndex = 0; path = SoukuTests.xctest; sourceTree = BUILT_PRODUCTS_DIR; };
		353DCA4D189D470300D8A6DF /* XCTest.framework */ = {isa = PBXFileReference; lastKnownFileType = wrapper.framework; name = XCTest.framework; path = Library/Frameworks/XCTest.framework; sourceTree = DEVELOPER_DIR; };
		353DCA55189D470300D8A6DF /* SoukuTests-Info.plist */ = {isa = PBXFileReference; lastKnownFileType = text.plist.xml; path = "SoukuTests-Info.plist"; sourceTree = "<group>"; };
		353DCA57189D470300D8A6DF /* en */ = {isa = PBXFileReference; lastKnownFileType = text.plist.strings; name = en; path = en.lproj/InfoPlist.strings; sourceTree = "<group>"; };
		353DCA59189D470300D8A6DF /* SoukuTests.m */ = {isa = PBXFileReference; lastKnownFileType = sourcecode.c.objc; path = SoukuTests.m; sourceTree = "<group>"; };
/* End PBXFileReference section */

/* Begin PBXFrameworksBuildPhase section */
		353DCA2E189D470300D8A6DF /* Frameworks */ = {
			isa = PBXFrameworksBuildPhase;
			buildActionMask = 2147483647;
			files = (
				353DCA37189D470300D8A6DF /* CoreGraphics.framework in Frameworks */,
				353DCA39189D470300D8A6DF /* UIKit.framework in Frameworks */,
				353DCA35189D470300D8A6DF /* Foundation.framework in Frameworks */,
			);
			runOnlyForDeploymentPostprocessing = 0;
		};
		353DCA49189D470300D8A6DF /* Frameworks */ = {
			isa = PBXFrameworksBuildPhase;
			buildActionMask = 2147483647;
			files = (
				353DCA4E189D470300D8A6DF /* XCTest.framework in Frameworks */,
				353DCA50189D470300D8A6DF /* UIKit.framework in Frameworks */,
				353DCA4F189D470300D8A6DF /* Foundation.framework in Frameworks */,
			);
			runOnlyForDeploymentPostprocessing = 0;
		};
/* End PBXFrameworksBuildPhase section */

/* Begin PBXGroup section */
		353DCA28189D470300D8A6DF = {
			isa = PBXGroup;
			children = (
				353DCA3A189D470300D8A6DF /* Souku */,
				353DCA53189D470300D8A6DF /* SoukuTests */,
				353DCA33189D470300D8A6DF /* Frameworks */,
				353DCA32189D470300D8A6DF /* Products */,
			);
			sourceTree = "<group>";
		};
		353DCA32189D470300D8A6DF /* Products */ = {
			isa = PBXGroup;
			children = (
				353DCA31189D470300D8A6DF /* Souku.app */,
				353DCA4C189D470300D8A6DF /* SoukuTests.xctest */,
			);
			name = Products;
			sourceTree = "<group>";
		};
		353DCA33189D470300D8A6DF /* Frameworks */ = {
			isa = PBXGroup;
			children = (
				353DCA34189D470300D8A6DF /* Foundation.framework */,
				353DCA36189D470300D8A6DF /* CoreGraphics.framework */,
				353DCA38189D470300D8A6DF /* UIKit.framework */,
				353DCA4D189D470300D8A6DF /* XCTest.framework */,
			);
			name = Frameworks;
			sourceTree = "<group>";
		};
		353DCA3A189D470300D8A6DF /* Souku */ = {
			isa = PBXGroup;
			children = (
				353DCA43189D470300D8A6DF /* AppDelegate.h */,
				353DCA44189D470300D8A6DF /* AppDelegate.m */,
				353DCA46189D470300D8A6DF /* Images.xcassets */,
				353DCA3B189D470300D8A6DF /* Supporting Files */,
			);
			path = Souku;
			sourceTree = "<group>";
		};
		353DCA3B189D470300D8A6DF /* Supporting Files */ = {
			isa = PBXGroup;
			children = (
				353DCA3C189D470300D8A6DF /* Souku-Info.plist */,
				353DCA3D189D470300D8A6DF /* InfoPlist.strings */,
				353DCA40189D470300D8A6DF /* main.m */,
				353DCA42189D470300D8A6DF /* Souku-Prefix.pch */,
			);
			name = "Supporting Files";
			sourceTree = "<group>";
		};
		353DCA53189D470300D8A6DF /* SoukuTests */ = {
			isa = PBXGroup;
			children = (
				353DCA59189D470300D8A6DF /* SoukuTests.m */,
				353DCA54189D470300D8A6DF /* Supporting Files */,
			);
			path = SoukuTests;
			sourceTree = "<group>";
		};
		353DCA54189D470300D8A6DF /* Supporting Files */ = {
			isa = PBXGroup;
			children = (
				353DCA55189D470300D8A6DF /* SoukuTests-Info.plist */,
				353DCA56189D470300D8A6DF /* InfoPlist.strings */,
			);
			name = "Supporting Files";
			sourceTree = "<group>";
		};
/* End PBXGroup section */

/* Begin PBXNativeTarget section */
		353DCA30189D470300D8A6DF /* Souku */ = {
			isa = PBXNativeTarget;
			buildConfigurationList = 353DCA5D189D470300D8A6DF /* Build configuration list for PBXNativeTarget "Souku" */;
			buildPhases = (
				353DCA2D189D470300D8A6DF /* Sources */,
				353DCA2E189D470300D8A6DF /* Frameworks */,
				353DCA2F189D470300D8A6DF /* Resources */,
			);
			buildRules = (
			);
			dependencies = (
			);
			name = Souku;
			productName = Souku;
			productReference = 353DCA31189D470300D8A6DF /* Souku.app */;
			productType = "com.apple.product-type.application";
		};
		353DCA4B189D470300D8A6DF /* SoukuTests */ = {
			isa = PBXNativeTarget;
			buildConfigurationList = 353DCA60189D470300D8A6DF /* Build configuration list for PBXNativeTarget "SoukuTests" */;
			buildPhases = (
				353DCA48189D470300D8A6DF /* Sources */,
				353DCA49189D470300D8A6DF /* Frameworks */,
				353DCA4A189D470300D8A6DF /* Resources */,
			);
			buildRules = (
			);
			dependencies = (
				353DCA52189D470300D8A6DF /* PBXTargetDependency */,
			);
			name = SoukuTests;
			productName = SoukuTests;
			productReference = 353DCA4C189D470300D8A6DF /* SoukuTests.xctest */;
			productType = "com.apple.product-type.bundle.unit-test";
		};
/* End PBXNativeTarget section */

/* Begin PBXProject section */
		353DCA29189D470300D8A6DF /* Project object */ = {
			isa = PBXProject;
			attributes = {
				LastUpgradeCheck = 0500;
				ORGANIZATIONNAME = zdwx;
				TargetAttributes = {
					353DCA4B189D470300D8A6DF = {
						TestTargetID = 353DCA30189D470300D8A6DF;
					};
				};
			};
			buildConfigurationList = 353DCA2C189D470300D8A6DF /* Build configuration list for PBXProject "Souku" */;
			compatibilityVersion = "Xcode 3.2";
			developmentRegion = English;
			hasScannedForEncodings = 0;
			knownRegions = (
				en,
			);
			mainGroup = 353DCA28189D470300D8A6DF;
			productRefGroup = 353DCA32189D470300D8A6DF /* Products */;
			projectDirPath = "";
			projectRoot = "";
			targets = (
				353DCA30189D470300D8A6DF /* Souku */,
				353DCA4B189D470300D8A6DF /* SoukuTests */,
			);
		};
/* End PBXProject section */

/* Begin PBXResourcesBuildPhase section */
		353DCA2F189D470300D8A6DF /* Resources */ = {
			isa = PBXResourcesBuildPhase;
			buildActionMask = 2147483647;
			files = (
				353DCA3F189D470300D8A6DF /* InfoPlist.strings in Resources */,
				353DCA47189D470300D8A6DF /* Images.xcassets in Resources */,
			);
			runOnlyForDeploymentPostprocessing = 0;
		};
		353DCA4A189D470300D8A6DF /* Resources */ = {
			isa = PBXResourcesBuildPhase;
			buildActionMask = 2147483647;
			files = (
				353DCA58189D470300D8A6DF /* InfoPlist.strings in Resources */,
			);
			runOnlyForDeploymentPostprocessing = 0;
		};
/* End PBXResourcesBuildPhase section */

/* Begin PBXSourcesBuildPhase section */
		353DCA2D189D470300D8A6DF /* Sources */ = {
			isa = PBXSourcesBuildPhase;
			buildActionMask = 2147483647;
			files = (
				353DCA45189D470300D8A6DF /* AppDelegate.m in Sources */,
				353DCA41189D470300D8A6DF /* main.m in Sources */,
			);
			runOnlyForDeploymentPostprocessing = 0;
		};
		353DCA48189D470300D8A6DF /* Sources */ = {
			isa = PBXSourcesBuildPhase;
			buildActionMask = 2147483647;
			files = (
				353DCA5A189D470300D8A6DF /* SoukuTests.m in Sources */,
			);
			runOnlyForDeploymentPostprocessing = 0;
		};
/* End PBXSourcesBuildPhase section */

/* Begin PBXTargetDependency section */
		353DCA52189D470300D8A6DF /* PBXTargetDependency */ = {
			isa = PBXTargetDependency;
			target = 353DCA30189D470300D8A6DF /* Souku */;
			targetProxy = 353DCA51189D470300D8A6DF /* PBXContainerItemProxy */;
		};
/* End PBXTargetDependency section */

/* Begin PBXVariantGroup section */
		353DCA3D189D470300D8A6DF /* InfoPlist.strings */ = {
			isa = PBXVariantGroup;
			children = (
				353DCA3E189D470300D8A6DF /* en */,
			);
			name = InfoPlist.strings;
			sourceTree = "<group>";
		};
		353DCA56189D470300D8A6DF /* InfoPlist.strings */ = {
			isa = PBXVariantGroup;
			children = (
				353DCA57189D470300D8A6DF /* en */,
			);
			name = InfoPlist.strings;
			sourceTree = "<group>";
		};
/* End PBXVariantGroup section */

/* Begin XCBuildConfiguration section */
		353DCA5B189D470300D8A6DF /* Debug */ = {
			isa = XCBuildConfiguration;
			buildSettings = {
				ALWAYS_SEARCH_USER_PATHS = NO;
				ARCHS = "$(ARCHS_STANDARD_INCLUDING_64_BIT)";
				CLANG_CXX_LANGUAGE_STANDARD = "gnu++0x";
				CLANG_CXX_LIBRARY = "libc++";
				CLANG_ENABLE_MODULES = YES;
				CLANG_ENABLE_OBJC_ARC = YES;
				CLANG_WARN_BOOL_CONVERSION = YES;
				CLANG_WARN_CONSTANT_CONVERSION = YES;
				CLANG_WARN_DIRECT_OBJC_ISA_USAGE = YES_ERROR;
				CLANG_WARN_EMPTY_BODY = YES;
				CLANG_WARN_ENUM_CONVERSION = YES;
				CLANG_WARN_INT_CONVERSION = YES;
				CLANG_WARN_OBJC_ROOT_CLASS = YES_ERROR;
				CLANG_WARN__DUPLICATE_METHOD_MATCH = YES;
				"CODE_SIGN_IDENTITY[sdk=iphoneos*]" = "iPhone Developer";
				COPY_PHASE_STRIP = NO;
				GCC_C_LANGUAGE_STANDARD = gnu99;
				GCC_DYNAMIC_NO_PIC = NO;
				GCC_OPTIMIZATION_LEVEL = 0;
				GCC_PREPROCESSOR_DEFINITIONS = (
					"DEBUG=1",
					"$(inherited)",
				);
				GCC_SYMBOLS_PRIVATE_EXTERN = NO;
				GCC_WARN_64_TO_32_BIT_CONVERSION = YES;
				GCC_WARN_ABOUT_RETURN_TYPE = YES_ERROR;
				GCC_WARN_UNDECLARED_SELECTOR = YES;
				GCC_WARN_UNINITIALIZED_AUTOS = YES;
				GCC_WARN_UNUSED_FUNCTION = YES;
				GCC_WARN_UNUSED_VARIABLE = YES;
				IPHONEOS_DEPLOYMENT_TARGET = 7.0;
				ONLY_ACTIVE_ARCH = YES;
				SDKROOT = iphoneos;
			};
			name = Debug;
		};
		353DCA5C189D470300D8A6DF /* Release */ = {
			isa = XCBuildConfiguration;
			buildSettings = {
				ALWAYS_SEARCH_USER_PATHS = NO;
				ARCHS = "$(ARCHS_STANDARD_INCLUDING_64_BIT)";
				CLANG_CXX_LANGUAGE_STANDARD = "gnu++0x";
				CLANG_CXX_LIBRARY = "libc++";
				CLANG_ENABLE_MODULES = YES;
				CLANG_ENABLE_OBJC_ARC = YES;
				CLANG_WARN_BOOL_CONVERSION = YES;
				CLANG_WARN_CONSTANT_CONVERSION = YES;
				CLANG_WARN_DIRECT_OBJC_ISA_USAGE = YES_ERROR;
				CLANG_WARN_EMPTY_BODY = YES;
				CLANG_WARN_ENUM_CONVERSION = YES;
				CLANG_WARN_INT_CONVERSION = YES;
				CLANG_WARN_OBJC_ROOT_CLASS = YES_ERROR;
				CLANG_WARN__DUPLICATE_METHOD_MATCH = YES;
				"CODE_SIGN_IDENTITY[sdk=iphoneos*]" = "iPhone Developer";
				COPY_PHASE_STRIP = YES;
				ENABLE_NS_ASSERTIONS = NO;
				GCC_C_LANGUAGE_STANDARD = gnu99;
				GCC_WARN_64_TO_32_BIT_CONVERSION = YES;
				GCC_WARN_ABOUT_RETURN_TYPE = YES_ERROR;
				GCC_WARN_UNDECLARED_SELECTOR = YES;
				GCC_WARN_UNINITIALIZED_AUTOS = YES;
				GCC_WARN_UNUSED_FUNCTION = YES;
				GCC_WARN_UNUSED_VARIABLE = YES;
				IPHONEOS_DEPLOYMENT_TARGET = 7.0;
				SDKROOT = iphoneos;
				VALIDATE_PRODUCT = YES;
			};
			name = Release;
		};
		353DCA5E189D470300D8A6DF /* Debug */ = {
			isa = XCBuildConfiguration;
			buildSettings = {
				ASSETCATALOG_COMPILER_APPICON_NAME = AppIcon;
				ASSETCATALOG_COMPILER_LAUNCHIMAGE_NAME = LaunchImage;
				GCC_PRECOMPILE_PREFIX_HEADER = YES;
				GCC_PREFIX_HEADER = "Souku/Souku-Prefix.pch";
				INFOPLIST_FILE = "Souku/Souku-Info.plist";
				PRODUCT_NAME = "$(TARGET_NAME)";
				WRAPPER_EXTENSION = app;
			};
			name = Debug;
		};
		353DCA5F189D470300D8A6DF /* Release */ = {
			isa = XCBuildConfiguration;
			buildSettings = {
				ASSETCATALOG_COMPILER_APPICON_NAME = AppIcon;
				ASSETCATALOG_COMPILER_LAUNCHIMAGE_NAME = LaunchImage;
				GCC_PRECOMPILE_PREFIX_HEADER = YES;
				GCC_PREFIX_HEADER = "Souku/Souku-Prefix.pch";
				INFOPLIST_FILE = "Souku/Souku-Info.plist";
				PRODUCT_NAME = "$(TARGET_NAME)";
				WRAPPER_EXTENSION = app;
			};
			name = Release;
		};
		353DCA61189D470300D8A6DF /* Debug */ = {
			isa = XCBuildConfiguration;
			buildSettings = {
				ARCHS = "$(ARCHS_STANDARD_INCLUDING_64_BIT)";
				BUNDLE_LOADER = "$(BUILT_PRODUCTS_DIR)/Souku.app/Souku";
				FRAMEWORK_SEARCH_PATHS = (
					"$(SDKROOT)/Developer/Library/Frameworks",
					"$(inherited)",
					"$(DEVELOPER_FRAMEWORKS_DIR)",
				);
				GCC_PRECOMPILE_PREFIX_HEADER = YES;
				GCC_PREFIX_HEADER = "Souku/Souku-Prefix.pch";
				GCC_PREPROCESSOR_DEFINITIONS = (
					"DEBUG=1",
					"$(inherited)",
				);
				INFOPLIST_FILE = "SoukuTests/SoukuTests-Info.plist";
				PRODUCT_NAME = "$(TARGET_NAME)";
				TEST_HOST = "$(BUNDLE_LOADER)";
				WRAPPER_EXTENSION = xctest;
			};
			name = Debug;
		};
		353DCA62189D470300D8A6DF /* Release */ = {
			isa = XCBuildConfiguration;
			buildSettings = {
				ARCHS = "$(ARCHS_STANDARD_INCLUDING_64_BIT)";
				BUNDLE_LOADER = "$(BUILT_PRODUCTS_DIR)/Souku.app/Souku";
				FRAMEWORK_SEARCH_PATHS = (
					"$(SDKROOT)/Developer/Library/Frameworks",
					"$(inherited)",
					"$(DEVELOPER_FRAMEWORKS_DIR)",
				);
				GCC_PRECOMPILE_PREFIX_HEADER = YES;
				GCC_PREFIX_HEADER = "Souku/Souku-Prefix.pch";
				INFOPLIST_FILE = "SoukuTests/SoukuTests-Info.plist";
				PRODUCT_NAME = "$(TARGET_NAME)";
				TEST_HOST = "$(BUNDLE_LOADER)";
				WRAPPER_EXTENSION = xctest;
			};
			name = Release;
		};
/* End XCBuildConfiguration section */

/* Begin XCConfigurationList section */
		353DCA2C189D470300D8A6DF /* Build configuration list for PBXProject "Souku" */ = {
			isa = XCConfigurationList;
			buildConfigurations = (
				353DCA5B189D470300D8A6DF /* Debug */,
				353DCA5C189D470300D8A6DF /* Release */,
			);
			defaultConfigurationIsVisible = 0;
			defaultConfigurationName = Release;
		};
		353DCA5D189D470300D8A6DF /* Build configuration list for PBXNativeTarget "Souku" */ = {
			isa = XCConfigurationList;
			buildConfigurations = (
				353DCA5E189D470300D8A6DF /* Debug */,
				353DCA5F189D470300D8A6DF /* Release */,
			);
			defaultConfigurationIsVisible = 0;
		};
		353DCA60189D470300D8A6DF /* Build configuration list for PBXNativeTarget "SoukuTests" */ = {
			isa = XCConfigurationList;
			buildConfigurations = (
				353DCA61189D470300D8A6DF /* Debug */,
				353DCA62189D470300D8A6DF /* Release */,
			);
			defaultConfigurationIsVisible = 0;
		};
/* End XCConfigurationList section */
	};
	rootObject = 353DCA29189D470300D8A6DF /* Project object */;
}
